// !$*UTF8*$!
{
	archiveVersion = 1;
	classes = {
	};
	objectVersion = 55;
	objects = {

/* Begin PBXBuildFile section */
		E7D60FEED257097334182BC5 /* Pods_Restaurant.framework in Frameworks */ = {isa = PBXBuildFile; fileRef = 6A307F91C08DD205D2460992 /* Pods_Restaurant.framework */; };
		E82C30CE29803C4F0067160B /* SFProDisplay-Regular.ttf in Resources */ = {isa = PBXBuildFile; fileRef = E82C30CD29803C4F0067160B /* SFProDisplay-Regular.ttf */; };
		E86901DF298158580048B1EA /* PromoSectionCollectionView.swift in Sources */ = {isa = PBXBuildFile; fileRef = E86901DE298158580048B1EA /* PromoSectionCollectionView.swift */; };
		E86901E1298159570048B1EA /* PromoSectionCell.swift in Sources */ = {isa = PBXBuildFile; fileRef = E86901E0298159570048B1EA /* PromoSectionCell.swift */; };
		E86901E729826C8C0048B1EA /* PromoSectionModel.swift in Sources */ = {isa = PBXBuildFile; fileRef = E86901E629826C8C0048B1EA /* PromoSectionModel.swift */; };
		E86901ED298273E90048B1EA /* PromoBannerCollectionView.swift in Sources */ = {isa = PBXBuildFile; fileRef = E86901EC298273E90048B1EA /* PromoBannerCollectionView.swift */; };
		E86901EF298274220048B1EA /* PromoBannerCell.swift in Sources */ = {isa = PBXBuildFile; fileRef = E86901EE298274220048B1EA /* PromoBannerCell.swift */; };
		E86901F1298274350048B1EA /* PromoBannerModel.swift in Sources */ = {isa = PBXBuildFile; fileRef = E86901F0298274350048B1EA /* PromoBannerModel.swift */; };
		E86901F429829DC90048B1EA /* DiscountProductCollectionView.swift in Sources */ = {isa = PBXBuildFile; fileRef = E86901F329829DC90048B1EA /* DiscountProductCollectionView.swift */; };
		E86901F629829DFF0048B1EA /* DiscountProductCell.swift in Sources */ = {isa = PBXBuildFile; fileRef = E86901F529829DFF0048B1EA /* DiscountProductCell.swift */; };
		E86901F829829E110048B1EA /* DiscountProductModel.swift in Sources */ = {isa = PBXBuildFile; fileRef = E86901F729829E110048B1EA /* DiscountProductModel.swift */; };
		E86901FA2982C7CA0048B1EA /* ColorManager.swift in Sources */ = {isa = PBXBuildFile; fileRef = E86901F92982C7CA0048B1EA /* ColorManager.swift */; };
		E86901FC2982DB250048B1EA /* roboto-regular.ttf in Resources */ = {isa = PBXBuildFile; fileRef = E86901FB2982DB250048B1EA /* roboto-regular.ttf */; };
		E86902002982DD960048B1EA /* Roboto-Bold.ttf in Resources */ = {isa = PBXBuildFile; fileRef = E86901FF2982DD960048B1EA /* Roboto-Bold.ttf */; };
		E86902022982DE900048B1EA /* SFProDisplay-Medium.OTF in Resources */ = {isa = PBXBuildFile; fileRef = E86902012982DE900048B1EA /* SFProDisplay-Medium.OTF */; };
		E86902052982DF350048B1EA /* FontManager.swift in Sources */ = {isa = PBXBuildFile; fileRef = E86902042982DF350048B1EA /* FontManager.swift */; };
		E86902082983BD540048B1EA /* CatalogCollectionView.swift in Sources */ = {isa = PBXBuildFile; fileRef = E86902072983BD540048B1EA /* CatalogCollectionView.swift */; };
		E869020A2983BD620048B1EA /* CatalogCell.swift in Sources */ = {isa = PBXBuildFile; fileRef = E86902092983BD620048B1EA /* CatalogCell.swift */; };
		E869020C2983BD700048B1EA /* CatalogModel.swift in Sources */ = {isa = PBXBuildFile; fileRef = E869020B2983BD700048B1EA /* CatalogModel.swift */; };
		E869020E2983E2D90048B1EA /* ContainerViewController.swift in Sources */ = {isa = PBXBuildFile; fileRef = E869020D2983E2D90048B1EA /* ContainerViewController.swift */; };
		E8A44F83297FD212004861FC /* AppDelegate.swift in Sources */ = {isa = PBXBuildFile; fileRef = E8A44F82297FD212004861FC /* AppDelegate.swift */; };
		E8A44F85297FD212004861FC /* SceneDelegate.swift in Sources */ = {isa = PBXBuildFile; fileRef = E8A44F84297FD212004861FC /* SceneDelegate.swift */; };
		E8A44F87297FD212004861FC /* MainScreenViewController.swift in Sources */ = {isa = PBXBuildFile; fileRef = E8A44F86297FD212004861FC /* MainScreenViewController.swift */; };
		E8A44F8C297FD214004861FC /* Assets.xcassets in Resources */ = {isa = PBXBuildFile; fileRef = E8A44F8B297FD214004861FC /* Assets.xcassets */; };
		E8A44F8F297FD214004861FC /* LaunchScreen.storyboard in Resources */ = {isa = PBXBuildFile; fileRef = E8A44F8D297FD214004861FC /* LaunchScreen.storyboard */; };
		E8AE7414298522740057A009 /* SFProDisplay-Semibold.ttf in Resources */ = {isa = PBXBuildFile; fileRef = E8AE7413298522730057A009 /* SFProDisplay-Semibold.ttf */; };
		E8AE7436298563AA0057A009 /* QueryCreator.swift in Sources */ = {isa = PBXBuildFile; fileRef = E8AE7435298563AA0057A009 /* QueryCreator.swift */; };
		E8AE743829857A9D0057A009 /* NetworkDataFetcher.swift in Sources */ = {isa = PBXBuildFile; fileRef = E8AE743729857A9D0057A009 /* NetworkDataFetcher.swift */; };
		E8AE743A29857AE50057A009 /* AddresResultModel.swift in Sources */ = {isa = PBXBuildFile; fileRef = E8AE743929857AE50057A009 /* AddresResultModel.swift */; };
		E8B350542983F2E700ED99D8 /* LeftMenuViewController.swift in Sources */ = {isa = PBXBuildFile; fileRef = E8B350532983F2E700ED99D8 /* LeftMenuViewController.swift */; };
		E8B62CC129813410007602F9 /* SearchAddressBottomSheet.swift in Sources */ = {isa = PBXBuildFile; fileRef = E8B62CC029813410007602F9 /* SearchAddressBottomSheet.swift */; };
		E8B62CC32981444E007602F9 /* SearchAddressCell.swift in Sources */ = {isa = PBXBuildFile; fileRef = E8B62CC22981444E007602F9 /* SearchAddressCell.swift */; };
/* End PBXBuildFile section */

/* Begin PBXFileReference section */
		2851469479818669997BFF52 /* Pods-Restaurant.debug.xcconfig */ = {isa = PBXFileReference; includeInIndex = 1; lastKnownFileType = text.xcconfig; name = "Pods-Restaurant.debug.xcconfig"; path = "Target Support Files/Pods-Restaurant/Pods-Restaurant.debug.xcconfig"; sourceTree = "<group>"; };
		6A307F91C08DD205D2460992 /* Pods_Restaurant.framework */ = {isa = PBXFileReference; explicitFileType = wrapper.framework; includeInIndex = 0; path = Pods_Restaurant.framework; sourceTree = BUILT_PRODUCTS_DIR; };
		DEA9CD2D05845B3CF5F78C4D /* Pods-Restaurant.release.xcconfig */ = {isa = PBXFileReference; includeInIndex = 1; lastKnownFileType = text.xcconfig; name = "Pods-Restaurant.release.xcconfig"; path = "Target Support Files/Pods-Restaurant/Pods-Restaurant.release.xcconfig"; sourceTree = "<group>"; };
		E82C30CD29803C4F0067160B /* SFProDisplay-Regular.ttf */ = {isa = PBXFileReference; lastKnownFileType = file; path = "SFProDisplay-Regular.ttf"; sourceTree = "<group>"; };
		E86901DE298158580048B1EA /* PromoSectionCollectionView.swift */ = {isa = PBXFileReference; lastKnownFileType = sourcecode.swift; path = PromoSectionCollectionView.swift; sourceTree = "<group>"; };
		E86901E0298159570048B1EA /* PromoSectionCell.swift */ = {isa = PBXFileReference; lastKnownFileType = sourcecode.swift; path = PromoSectionCell.swift; sourceTree = "<group>"; };
		E86901E629826C8C0048B1EA /* PromoSectionModel.swift */ = {isa = PBXFileReference; lastKnownFileType = sourcecode.swift; path = PromoSectionModel.swift; sourceTree = "<group>"; };
		E86901EC298273E90048B1EA /* PromoBannerCollectionView.swift */ = {isa = PBXFileReference; lastKnownFileType = sourcecode.swift; path = PromoBannerCollectionView.swift; sourceTree = "<group>"; };
		E86901EE298274220048B1EA /* PromoBannerCell.swift */ = {isa = PBXFileReference; lastKnownFileType = sourcecode.swift; path = PromoBannerCell.swift; sourceTree = "<group>"; };
		E86901F0298274350048B1EA /* PromoBannerModel.swift */ = {isa = PBXFileReference; lastKnownFileType = sourcecode.swift; path = PromoBannerModel.swift; sourceTree = "<group>"; };
		E86901F329829DC90048B1EA /* DiscountProductCollectionView.swift */ = {isa = PBXFileReference; lastKnownFileType = sourcecode.swift; path = DiscountProductCollectionView.swift; sourceTree = "<group>"; };
		E86901F529829DFF0048B1EA /* DiscountProductCell.swift */ = {isa = PBXFileReference; lastKnownFileType = sourcecode.swift; path = DiscountProductCell.swift; sourceTree = "<group>"; };
		E86901F729829E110048B1EA /* DiscountProductModel.swift */ = {isa = PBXFileReference; lastKnownFileType = sourcecode.swift; path = DiscountProductModel.swift; sourceTree = "<group>"; };
		E86901F92982C7CA0048B1EA /* ColorManager.swift */ = {isa = PBXFileReference; lastKnownFileType = sourcecode.swift; path = ColorManager.swift; sourceTree = "<group>"; };
		E86901FB2982DB250048B1EA /* roboto-regular.ttf */ = {isa = PBXFileReference; lastKnownFileType = file; path = "roboto-regular.ttf"; sourceTree = "<group>"; };
		E86901FF2982DD960048B1EA /* Roboto-Bold.ttf */ = {isa = PBXFileReference; lastKnownFileType = file; path = "Roboto-Bold.ttf"; sourceTree = "<group>"; };
		E86902012982DE900048B1EA /* SFProDisplay-Medium.OTF */ = {isa = PBXFileReference; lastKnownFileType = file; path = "SFProDisplay-Medium.OTF"; sourceTree = "<group>"; };
		E86902042982DF350048B1EA /* FontManager.swift */ = {isa = PBXFileReference; lastKnownFileType = sourcecode.swift; path = FontManager.swift; sourceTree = "<group>"; };
		E86902072983BD540048B1EA /* CatalogCollectionView.swift */ = {isa = PBXFileReference; lastKnownFileType = sourcecode.swift; path = CatalogCollectionView.swift; sourceTree = "<group>"; };
		E86902092983BD620048B1EA /* CatalogCell.swift */ = {isa = PBXFileReference; lastKnownFileType = sourcecode.swift; path = CatalogCell.swift; sourceTree = "<group>"; };
		E869020B2983BD700048B1EA /* CatalogModel.swift */ = {isa = PBXFileReference; lastKnownFileType = sourcecode.swift; path = CatalogModel.swift; sourceTree = "<group>"; };
		E869020D2983E2D90048B1EA /* ContainerViewController.swift */ = {isa = PBXFileReference; lastKnownFileType = sourcecode.swift; path = ContainerViewController.swift; sourceTree = "<group>"; };
		E8A44F7F297FD212004861FC /* Restaurant.app */ = {isa = PBXFileReference; explicitFileType = wrapper.application; includeInIndex = 0; path = Restaurant.app; sourceTree = BUILT_PRODUCTS_DIR; };
		E8A44F82297FD212004861FC /* AppDelegate.swift */ = {isa = PBXFileReference; lastKnownFileType = sourcecode.swift; path = AppDelegate.swift; sourceTree = "<group>"; };
		E8A44F84297FD212004861FC /* SceneDelegate.swift */ = {isa = PBXFileReference; lastKnownFileType = sourcecode.swift; path = SceneDelegate.swift; sourceTree = "<group>"; };
		E8A44F86297FD212004861FC /* MainScreenViewController.swift */ = {isa = PBXFileReference; lastKnownFileType = sourcecode.swift; path = MainScreenViewController.swift; sourceTree = "<group>"; };
		E8A44F8B297FD214004861FC /* Assets.xcassets */ = {isa = PBXFileReference; lastKnownFileType = folder.assetcatalog; path = Assets.xcassets; sourceTree = "<group>"; };
		E8A44F8E297FD214004861FC /* Base */ = {isa = PBXFileReference; lastKnownFileType = file.storyboard; name = Base; path = Base.lproj/LaunchScreen.storyboard; sourceTree = "<group>"; };
		E8A44F90297FD214004861FC /* Info.plist */ = {isa = PBXFileReference; lastKnownFileType = text.plist.xml; path = Info.plist; sourceTree = "<group>"; };
		E8AE7413298522730057A009 /* SFProDisplay-Semibold.ttf */ = {isa = PBXFileReference; lastKnownFileType = file; path = "SFProDisplay-Semibold.ttf"; sourceTree = "<group>"; };
		E8AE7435298563AA0057A009 /* QueryCreator.swift */ = {isa = PBXFileReference; lastKnownFileType = sourcecode.swift; path = QueryCreator.swift; sourceTree = "<group>"; };
		E8AE743729857A9D0057A009 /* NetworkDataFetcher.swift */ = {isa = PBXFileReference; lastKnownFileType = sourcecode.swift; path = NetworkDataFetcher.swift; sourceTree = "<group>"; };
		E8AE743929857AE50057A009 /* AddresResultModel.swift */ = {isa = PBXFileReference; lastKnownFileType = sourcecode.swift; path = AddresResultModel.swift; sourceTree = "<group>"; };
		E8B350532983F2E700ED99D8 /* LeftMenuViewController.swift */ = {isa = PBXFileReference; lastKnownFileType = sourcecode.swift; path = LeftMenuViewController.swift; sourceTree = "<group>"; };
		E8B62CC029813410007602F9 /* SearchAddressBottomSheet.swift */ = {isa = PBXFileReference; lastKnownFileType = sourcecode.swift; path = SearchAddressBottomSheet.swift; sourceTree = "<group>"; };
		E8B62CC22981444E007602F9 /* SearchAddressCell.swift */ = {isa = PBXFileReference; lastKnownFileType = sourcecode.swift; path = SearchAddressCell.swift; sourceTree = "<group>"; };
		E8E6915529800D7500683963 /* Restaurant */ = {isa = PBXFileReference; lastKnownFileType = folder; path = Restaurant; sourceTree = "<group>"; };
/* End PBXFileReference section */

/* Begin PBXFrameworksBuildPhase section */
		E8A44F7C297FD212004861FC /* Frameworks */ = {
			isa = PBXFrameworksBuildPhase;
			buildActionMask = 2147483647;
			files = (
				E7D60FEED257097334182BC5 /* Pods_Restaurant.framework in Frameworks */,
			);
			runOnlyForDeploymentPostprocessing = 0;
		};
/* End PBXFrameworksBuildPhase section */

/* Begin PBXGroup section */
		5B97EF30D147D21B531D1ED6 /* Pods */ = {
			isa = PBXGroup;
			children = (
				2851469479818669997BFF52 /* Pods-Restaurant.debug.xcconfig */,
				DEA9CD2D05845B3CF5F78C4D /* Pods-Restaurant.release.xcconfig */,
			);
			path = Pods;
			sourceTree = "<group>";
		};
		A34C4C447BB4803AE2199E72 /* Frameworks */ = {
			isa = PBXGroup;
			children = (
				6A307F91C08DD205D2460992 /* Pods_Restaurant.framework */,
			);
			name = Frameworks;
			sourceTree = "<group>";
		};
		E86901E2298160420048B1EA /* Screens */ = {
			isa = PBXGroup;
			children = (
				E8A44F86297FD212004861FC /* MainScreenViewController.swift */,
				E8B350532983F2E700ED99D8 /* LeftMenuViewController.swift */,
				E86901E4298160B80048B1EA /* SearchAddressBottomSheet */,
				E86901E32981606C0048B1EA /* PromoSection */,
				E86901EB298273A90048B1EA /* PromoBanner */,
				E86901F229829D080048B1EA /* DiscountProduct */,
				E86902062983B70B0048B1EA /* Catalog */,
			);
			path = Screens;
			sourceTree = "<group>";
		};
		E86901E32981606C0048B1EA /* PromoSection */ = {
			isa = PBXGroup;
			children = (
				E86901DE298158580048B1EA /* PromoSectionCollectionView.swift */,
				E86901E0298159570048B1EA /* PromoSectionCell.swift */,
				E86901E629826C8C0048B1EA /* PromoSectionModel.swift */,
			);
			path = PromoSection;
			sourceTree = "<group>";
		};
		E86901E4298160B80048B1EA /* SearchAddressBottomSheet */ = {
			isa = PBXGroup;
			children = (
				E8B62CC029813410007602F9 /* SearchAddressBottomSheet.swift */,
				E8B62CC22981444E007602F9 /* SearchAddressCell.swift */,
			);
			path = SearchAddressBottomSheet;
			sourceTree = "<group>";
		};
		E86901E5298175740048B1EA /* Application */ = {
			isa = PBXGroup;
			children = (
				E8A44F84297FD212004861FC /* SceneDelegate.swift */,
				E8A44F82297FD212004861FC /* AppDelegate.swift */,
				E869020D2983E2D90048B1EA /* ContainerViewController.swift */,
			);
			path = Application;
			sourceTree = "<group>";
		};
		E86901EB298273A90048B1EA /* PromoBanner */ = {
			isa = PBXGroup;
			children = (
				E86901EC298273E90048B1EA /* PromoBannerCollectionView.swift */,
				E86901EE298274220048B1EA /* PromoBannerCell.swift */,
				E86901F0298274350048B1EA /* PromoBannerModel.swift */,
			);
			path = PromoBanner;
			sourceTree = "<group>";
		};
		E86901F229829D080048B1EA /* DiscountProduct */ = {
			isa = PBXGroup;
			children = (
				E86901F329829DC90048B1EA /* DiscountProductCollectionView.swift */,
				E86901F529829DFF0048B1EA /* DiscountProductCell.swift */,
				E86901F729829E110048B1EA /* DiscountProductModel.swift */,
			);
			path = DiscountProduct;
			sourceTree = "<group>";
		};
		E86902062983B70B0048B1EA /* Catalog */ = {
			isa = PBXGroup;
			children = (
				E86902072983BD540048B1EA /* CatalogCollectionView.swift */,
				E86902092983BD620048B1EA /* CatalogCell.swift */,
				E869020B2983BD700048B1EA /* CatalogModel.swift */,
			);
			path = Catalog;
			sourceTree = "<group>";
		};
		E8A44F76297FD212004861FC = {
			isa = PBXGroup;
			children = (
				E8A44F81297FD212004861FC /* Restaurant */,
				E8E6915529800D7500683963 /* Restaurant */,
				E8A44F80297FD212004861FC /* Products */,
				5B97EF30D147D21B531D1ED6 /* Pods */,
				A34C4C447BB4803AE2199E72 /* Frameworks */,
			);
			sourceTree = "<group>";
		};
		E8A44F80297FD212004861FC /* Products */ = {
			isa = PBXGroup;
			children = (
				E8A44F7F297FD212004861FC /* Restaurant.app */,
			);
			name = Products;
			sourceTree = "<group>";
		};
		E8A44F81297FD212004861FC /* Restaurant */ = {
			isa = PBXGroup;
			children = (
				E86901E5298175740048B1EA /* Application */,
				E8AE74402987AE630057A009 /* Managers */,
				E8AE743F2987AE380057A009 /* Network */,
				E86901E2298160420048B1EA /* Screens */,
				E8A44F8B297FD214004861FC /* Assets.xcassets */,
				E8A44F8D297FD214004861FC /* LaunchScreen.storyboard */,
				E8A44F90297FD214004861FC /* Info.plist */,
			);
			path = Restaurant;
			sourceTree = "<group>";
		};
		E8AE743F2987AE380057A009 /* Network */ = {
			isa = PBXGroup;
			children = (
				E8AE743729857A9D0057A009 /* NetworkDataFetcher.swift */,
				E8AE7435298563AA0057A009 /* QueryCreator.swift */,
				E8AE743929857AE50057A009 /* AddresResultModel.swift */,
			);
			path = Network;
			sourceTree = "<group>";
		};
		E8AE74402987AE630057A009 /* Managers */ = {
			isa = PBXGroup;
			children = (
				E86902042982DF350048B1EA /* FontManager.swift */,
				E86901F92982C7CA0048B1EA /* ColorManager.swift */,
				E8B62CC4298155FA007602F9 /* Fonts */,
			);
			path = Managers;
			sourceTree = "<group>";
		};
		E8B62CC4298155FA007602F9 /* Fonts */ = {
			isa = PBXGroup;
			children = (
				E86902012982DE900048B1EA /* SFProDisplay-Medium.OTF */,
				E82C30CD29803C4F0067160B /* SFProDisplay-Regular.ttf */,
				E86901FF2982DD960048B1EA /* Roboto-Bold.ttf */,
				E8AE7413298522730057A009 /* SFProDisplay-Semibold.ttf */,
				E86901FB2982DB250048B1EA /* roboto-regular.ttf */,
			);
			path = Fonts;
			sourceTree = "<group>";
		};
/* End PBXGroup section */

/* Begin PBXNativeTarget section */
		E8A44F7E297FD212004861FC /* Restaurant */ = {
			isa = PBXNativeTarget;
			buildConfigurationList = E8A44F93297FD214004861FC /* Build configuration list for PBXNativeTarget "Restaurant" */;
			buildPhases = (
				563F16AEDCE6062161D40E07 /* [CP] Check Pods Manifest.lock */,
				E8A44F7B297FD212004861FC /* Sources */,
				E8A44F7C297FD212004861FC /* Frameworks */,
				E8A44F7D297FD212004861FC /* Resources */,
				748051C721118B9D776A3525 /* [CP] Embed Pods Frameworks */,
			);
			buildRules = (
			);
			dependencies = (
			);
			name = Restaurant;
			productName = Restaurant;
			productReference = E8A44F7F297FD212004861FC /* Restaurant.app */;
			productType = "com.apple.product-type.application";
		};
/* End PBXNativeTarget section */

/* Begin PBXProject section */
		E8A44F77297FD212004861FC /* Project object */ = {
			isa = PBXProject;
			attributes = {
				BuildIndependentTargetsInParallel = 1;
				LastSwiftUpdateCheck = 1400;
				LastUpgradeCheck = 1400;
				TargetAttributes = {
					E8A44F7E297FD212004861FC = {
						CreatedOnToolsVersion = 14.0.1;
					};
				};
			};
			buildConfigurationList = E8A44F7A297FD212004861FC /* Build configuration list for PBXProject "Restaurant" */;
			compatibilityVersion = "Xcode 13.0";
			developmentRegion = en;
			hasScannedForEncodings = 0;
			knownRegions = (
				en,
				Base,
			);
			mainGroup = E8A44F76297FD212004861FC;
			productRefGroup = E8A44F80297FD212004861FC /* Products */;
			projectDirPath = "";
			projectRoot = "";
			targets = (
				E8A44F7E297FD212004861FC /* Restaurant */,
			);
		};
/* End PBXProject section */

/* Begin PBXResourcesBuildPhase section */
		E8A44F7D297FD212004861FC /* Resources */ = {
			isa = PBXResourcesBuildPhase;
			buildActionMask = 2147483647;
			files = (
				E86902022982DE900048B1EA /* SFProDisplay-Medium.OTF in Resources */,
				E82C30CE29803C4F0067160B /* SFProDisplay-Regular.ttf in Resources */,
				E8A44F8F297FD214004861FC /* LaunchScreen.storyboard in Resources */,
				E8AE7414298522740057A009 /* SFProDisplay-Semibold.ttf in Resources */,
				E86902002982DD960048B1EA /* Roboto-Bold.ttf in Resources */,
				E8A44F8C297FD214004861FC /* Assets.xcassets in Resources */,
				E86901FC2982DB250048B1EA /* roboto-regular.ttf in Resources */,
			);
			runOnlyForDeploymentPostprocessing = 0;
		};
/* End PBXResourcesBuildPhase section */

/* Begin PBXShellScriptBuildPhase section */
		563F16AEDCE6062161D40E07 /* [CP] Check Pods Manifest.lock */ = {
			isa = PBXShellScriptBuildPhase;
			buildActionMask = 2147483647;
			files = (
			);
			inputFileListPaths = (
			);
			inputPaths = (
				"${PODS_PODFILE_DIR_PATH}/Podfile.lock",
				"${PODS_ROOT}/Manifest.lock",
			);
			name = "[CP] Check Pods Manifest.lock";
			outputFileListPaths = (
			);
			outputPaths = (
				"$(DERIVED_FILE_DIR)/Pods-Restaurant-checkManifestLockResult.txt",
			);
			runOnlyForDeploymentPostprocessing = 0;
			shellPath = /bin/sh;
			shellScript = "diff \"${PODS_PODFILE_DIR_PATH}/Podfile.lock\" \"${PODS_ROOT}/Manifest.lock\" > /dev/null\nif [ $? != 0 ] ; then\n    # print error to STDERR\n    echo \"error: The sandbox is not in sync with the Podfile.lock. Run 'pod install' or update your CocoaPods installation.\" >&2\n    exit 1\nfi\n# This output is used by Xcode 'outputs' to avoid re-running this script phase.\necho \"SUCCESS\" > \"${SCRIPT_OUTPUT_FILE_0}\"\n";
			showEnvVarsInLog = 0;
		};
		748051C721118B9D776A3525 /* [CP] Embed Pods Frameworks */ = {
			isa = PBXShellScriptBuildPhase;
			buildActionMask = 2147483647;
			files = (
			);
			inputFileListPaths = (
				"${PODS_ROOT}/Target Support Files/Pods-Restaurant/Pods-Restaurant-frameworks-${CONFIGURATION}-input-files.xcfilelist",
			);
			name = "[CP] Embed Pods Frameworks";
			outputFileListPaths = (
				"${PODS_ROOT}/Target Support Files/Pods-Restaurant/Pods-Restaurant-frameworks-${CONFIGURATION}-output-files.xcfilelist",
			);
			runOnlyForDeploymentPostprocessing = 0;
			shellPath = /bin/sh;
			shellScript = "\"${PODS_ROOT}/Target Support Files/Pods-Restaurant/Pods-Restaurant-frameworks.sh\"\n";
			showEnvVarsInLog = 0;
		};
/* End PBXShellScriptBuildPhase section */

/* Begin PBXSourcesBuildPhase section */
		E8A44F7B297FD212004861FC /* Sources */ = {
			isa = PBXSourcesBuildPhase;
			buildActionMask = 2147483647;
			files = (
				E8AE7436298563AA0057A009 /* QueryCreator.swift in Sources */,
				E8B62CC129813410007602F9 /* SearchAddressBottomSheet.swift in Sources */,
				E86902082983BD540048B1EA /* CatalogCollectionView.swift in Sources */,
				E869020E2983E2D90048B1EA /* ContainerViewController.swift in Sources */,
				E869020C2983BD700048B1EA /* CatalogModel.swift in Sources */,
				E8AE743A29857AE50057A009 /* AddresResultModel.swift in Sources */,
				E86901ED298273E90048B1EA /* PromoBannerCollectionView.swift in Sources */,
				E8AE743829857A9D0057A009 /* NetworkDataFetcher.swift in Sources */,
				E8B350542983F2E700ED99D8 /* LeftMenuViewController.swift in Sources */,
				E86901E729826C8C0048B1EA /* PromoSectionModel.swift in Sources */,
				E86901F429829DC90048B1EA /* DiscountProductCollectionView.swift in Sources */,
				E86901EF298274220048B1EA /* PromoBannerCell.swift in Sources */,
				E86901DF298158580048B1EA /* PromoSectionCollectionView.swift in Sources */,
				E86901FA2982C7CA0048B1EA /* ColorManager.swift in Sources */,
				E8A44F87297FD212004861FC /* MainScreenViewController.swift in Sources */,
				E86901E1298159570048B1EA /* PromoSectionCell.swift in Sources */,
				E8A44F83297FD212004861FC /* AppDelegate.swift in Sources */,
				E86901F629829DFF0048B1EA /* DiscountProductCell.swift in Sources */,
				E86901F1298274350048B1EA /* PromoBannerModel.swift in Sources */,
				E8A44F85297FD212004861FC /* SceneDelegate.swift in Sources */,
				E86901F829829E110048B1EA /* DiscountProductModel.swift in Sources */,
				E869020A2983BD620048B1EA /* CatalogCell.swift in Sources */,
				E86902052982DF350048B1EA /* FontManager.swift in Sources */,
				E8B62CC32981444E007602F9 /* SearchAddressCell.swift in Sources */,
			);
			runOnlyForDeploymentPostprocessing = 0;
		};
/* End PBXSourcesBuildPhase section */

/* Begin PBXVariantGroup section */
		E8A44F8D297FD214004861FC /* LaunchScreen.storyboard */ = {
			isa = PBXVariantGroup;
			children = (
				E8A44F8E297FD214004861FC /* Base */,
			);
			name = LaunchScreen.storyboard;
			sourceTree = "<group>";
		};
/* End PBXVariantGroup section */

/* Begin XCBuildConfiguration section */
		E8A44F91297FD214004861FC /* Debug */ = {
			isa = XCBuildConfiguration;
			buildSettings = {
				ALWAYS_SEARCH_USER_PATHS = NO;
				CLANG_ANALYZER_NONNULL = YES;
				CLANG_ANALYZER_NUMBER_OBJECT_CONVERSION = YES_AGGRESSIVE;
				CLANG_CXX_LANGUAGE_STANDARD = "gnu++20";
				CLANG_ENABLE_MODULES = YES;
				CLANG_ENABLE_OBJC_ARC = YES;
				CLANG_ENABLE_OBJC_WEAK = YES;
				CLANG_WARN_BLOCK_CAPTURE_AUTORELEASING = YES;
				CLANG_WARN_BOOL_CONVERSION = YES;
				CLANG_WARN_COMMA = YES;
				CLANG_WARN_CONSTANT_CONVERSION = YES;
				CLANG_WARN_DEPRECATED_OBJC_IMPLEMENTATIONS = YES;
				CLANG_WARN_DIRECT_OBJC_ISA_USAGE = YES_ERROR;
				CLANG_WARN_DOCUMENTATION_COMMENTS = YES;
				CLANG_WARN_EMPTY_BODY = YES;
				CLANG_WARN_ENUM_CONVERSION = YES;
				CLANG_WARN_INFINITE_RECURSION = YES;
				CLANG_WARN_INT_CONVERSION = YES;
				CLANG_WARN_NON_LITERAL_NULL_CONVERSION = YES;
				CLANG_WARN_OBJC_IMPLICIT_RETAIN_SELF = YES;
				CLANG_WARN_OBJC_LITERAL_CONVERSION = YES;
				CLANG_WARN_OBJC_ROOT_CLASS = YES_ERROR;
				CLANG_WARN_QUOTED_INCLUDE_IN_FRAMEWORK_HEADER = YES;
				CLANG_WARN_RANGE_LOOP_ANALYSIS = YES;
				CLANG_WARN_STRICT_PROTOTYPES = YES;
				CLANG_WARN_SUSPICIOUS_MOVE = YES;
				CLANG_WARN_UNGUARDED_AVAILABILITY = YES_AGGRESSIVE;
				CLANG_WARN_UNREACHABLE_CODE = YES;
				CLANG_WARN__DUPLICATE_METHOD_MATCH = YES;
				COPY_PHASE_STRIP = NO;
				DEBUG_INFORMATION_FORMAT = dwarf;
				ENABLE_STRICT_OBJC_MSGSEND = YES;
				ENABLE_TESTABILITY = YES;
				GCC_C_LANGUAGE_STANDARD = gnu11;
				GCC_DYNAMIC_NO_PIC = NO;
				GCC_NO_COMMON_BLOCKS = YES;
				GCC_OPTIMIZATION_LEVEL = 0;
				GCC_PREPROCESSOR_DEFINITIONS = (
					"DEBUG=1",
					"$(inherited)",
				);
				GCC_WARN_64_TO_32_BIT_CONVERSION = YES;
				GCC_WARN_ABOUT_RETURN_TYPE = YES_ERROR;
				GCC_WARN_UNDECLARED_SELECTOR = YES;
				GCC_WARN_UNINITIALIZED_AUTOS = YES_AGGRESSIVE;
				GCC_WARN_UNUSED_FUNCTION = YES;
				GCC_WARN_UNUSED_VARIABLE = YES;
				IPHONEOS_DEPLOYMENT_TARGET = 16.0;
				MTL_ENABLE_DEBUG_INFO = INCLUDE_SOURCE;
				MTL_FAST_MATH = YES;
				ONLY_ACTIVE_ARCH = YES;
				SDKROOT = iphoneos;
				SWIFT_ACTIVE_COMPILATION_CONDITIONS = DEBUG;
				SWIFT_OPTIMIZATION_LEVEL = "-Onone";
			};
			name = Debug;
		};
		E8A44F92297FD214004861FC /* Release */ = {
			isa = XCBuildConfiguration;
			buildSettings = {
				ALWAYS_SEARCH_USER_PATHS = NO;
				CLANG_ANALYZER_NONNULL = YES;
				CLANG_ANALYZER_NUMBER_OBJECT_CONVERSION = YES_AGGRESSIVE;
				CLANG_CXX_LANGUAGE_STANDARD = "gnu++20";
				CLANG_ENABLE_MODULES = YES;
				CLANG_ENABLE_OBJC_ARC = YES;
				CLANG_ENABLE_OBJC_WEAK = YES;
				CLANG_WARN_BLOCK_CAPTURE_AUTORELEASING = YES;
				CLANG_WARN_BOOL_CONVERSION = YES;
				CLANG_WARN_COMMA = YES;
				CLANG_WARN_CONSTANT_CONVERSION = YES;
				CLANG_WARN_DEPRECATED_OBJC_IMPLEMENTATIONS = YES;
				CLANG_WARN_DIRECT_OBJC_ISA_USAGE = YES_ERROR;
				CLANG_WARN_DOCUMENTATION_COMMENTS = YES;
				CLANG_WARN_EMPTY_BODY = YES;
				CLANG_WARN_ENUM_CONVERSION = YES;
				CLANG_WARN_INFINITE_RECURSION = YES;
				CLANG_WARN_INT_CONVERSION = YES;
				CLANG_WARN_NON_LITERAL_NULL_CONVERSION = YES;
				CLANG_WARN_OBJC_IMPLICIT_RETAIN_SELF = YES;
				CLANG_WARN_OBJC_LITERAL_CONVERSION = YES;
				CLANG_WARN_OBJC_ROOT_CLASS = YES_ERROR;
				CLANG_WARN_QUOTED_INCLUDE_IN_FRAMEWORK_HEADER = YES;
				CLANG_WARN_RANGE_LOOP_ANALYSIS = YES;
				CLANG_WARN_STRICT_PROTOTYPES = YES;
				CLANG_WARN_SUSPICIOUS_MOVE = YES;
				CLANG_WARN_UNGUARDED_AVAILABILITY = YES_AGGRESSIVE;
				CLANG_WARN_UNREACHABLE_CODE = YES;
				CLANG_WARN__DUPLICATE_METHOD_MATCH = YES;
				COPY_PHASE_STRIP = NO;
				DEBUG_INFORMATION_FORMAT = "dwarf-with-dsym";
				ENABLE_NS_ASSERTIONS = NO;
				ENABLE_STRICT_OBJC_MSGSEND = YES;
				GCC_C_LANGUAGE_STANDARD = gnu11;
				GCC_NO_COMMON_BLOCKS = YES;
				GCC_WARN_64_TO_32_BIT_CONVERSION = YES;
				GCC_WARN_ABOUT_RETURN_TYPE = YES_ERROR;
				GCC_WARN_UNDECLARED_SELECTOR = YES;
				GCC_WARN_UNINITIALIZED_AUTOS = YES_AGGRESSIVE;
				GCC_WARN_UNUSED_FUNCTION = YES;
				GCC_WARN_UNUSED_VARIABLE = YES;
				IPHONEOS_DEPLOYMENT_TARGET = 16.0;
				MTL_ENABLE_DEBUG_INFO = NO;
				MTL_FAST_MATH = YES;
				SDKROOT = iphoneos;
				SWIFT_COMPILATION_MODE = wholemodule;
				SWIFT_OPTIMIZATION_LEVEL = "-O";
				VALIDATE_PRODUCT = YES;
			};
			name = Release;
		};
		E8A44F94297FD214004861FC /* Debug */ = {
			isa = XCBuildConfiguration;
			baseConfigurationReference = 2851469479818669997BFF52 /* Pods-Restaurant.debug.xcconfig */;
			buildSettings = {
				ASSETCATALOG_COMPILER_APPICON_NAME = AppIcon;
				ASSETCATALOG_COMPILER_GLOBAL_ACCENT_COLOR_NAME = AccentColor;
				CODE_SIGN_STYLE = Automatic;
				CURRENT_PROJECT_VERSION = 1;
				DEVELOPMENT_TEAM = 4R22XJ9TD9;
				GENERATE_INFOPLIST_FILE = YES;
				INFOPLIST_FILE = Restaurant/Info.plist;
				INFOPLIST_KEY_UIApplicationSupportsIndirectInputEvents = YES;
				INFOPLIST_KEY_UILaunchStoryboardName = LaunchScreen;
				INFOPLIST_KEY_UISupportedInterfaceOrientations_iPad = "UIInterfaceOrientationPortrait UIInterfaceOrientationPortraitUpsideDown UIInterfaceOrientationLandscapeLeft UIInterfaceOrientationLandscapeRight";
				INFOPLIST_KEY_UISupportedInterfaceOrientations_iPhone = "UIInterfaceOrientationPortrait UIInterfaceOrientationLandscapeLeft UIInterfaceOrientationLandscapeRight";
				LD_RUNPATH_SEARCH_PATHS = (
					"$(inherited)",
					"@executable_path/Frameworks",
				);
				MARKETING_VERSION = 1.0;
				PRODUCT_BUNDLE_IDENTIFIER = IvanPonomarev.Restaurant;
				PRODUCT_NAME = "$(TARGET_NAME)";
				SWIFT_EMIT_LOC_STRINGS = YES;
				SWIFT_VERSION = 5.0;
				TARGETED_DEVICE_FAMILY = "1,2";
			};
			name = Debug;
		};
		E8A44F95297FD214004861FC /* Release */ = {
			isa = XCBuildConfiguration;
			baseConfigurationReference = DEA9CD2D05845B3CF5F78C4D /* Pods-Restaurant.release.xcconfig */;
			buildSettings = {
				ASSETCATALOG_COMPILER_APPICON_NAME = AppIcon;
				ASSETCATALOG_COMPILER_GLOBAL_ACCENT_COLOR_NAME = AccentColor;
				CODE_SIGN_STYLE = Automatic;
				CURRENT_PROJECT_VERSION = 1;
				DEVELOPMENT_TEAM = 4R22XJ9TD9;
				GENERATE_INFOPLIST_FILE = YES;
				INFOPLIST_FILE = Restaurant/Info.plist;
				INFOPLIST_KEY_UIApplicationSupportsIndirectInputEvents = YES;
				INFOPLIST_KEY_UILaunchStoryboardName = LaunchScreen;
				INFOPLIST_KEY_UISupportedInterfaceOrientations_iPad = "UIInterfaceOrientationPortrait UIInterfaceOrientationPortraitUpsideDown UIInterfaceOrientationLandscapeLeft UIInterfaceOrientationLandscapeRight";
				INFOPLIST_KEY_UISupportedInterfaceOrientations_iPhone = "UIInterfaceOrientationPortrait UIInterfaceOrientationLandscapeLeft UIInterfaceOrientationLandscapeRight";
				LD_RUNPATH_SEARCH_PATHS = (
					"$(inherited)",
					"@executable_path/Frameworks",
				);
				MARKETING_VERSION = 1.0;
				PRODUCT_BUNDLE_IDENTIFIER = IvanPonomarev.Restaurant;
				PRODUCT_NAME = "$(TARGET_NAME)";
				SWIFT_EMIT_LOC_STRINGS = YES;
				SWIFT_VERSION = 5.0;
				TARGETED_DEVICE_FAMILY = "1,2";
			};
			name = Release;
		};
/* End XCBuildConfiguration section */

/* Begin XCConfigurationList section */
		E8A44F7A297FD212004861FC /* Build configuration list for PBXProject "Restaurant" */ = {
			isa = XCConfigurationList;
			buildConfigurations = (
				E8A44F91297FD214004861FC /* Debug */,
				E8A44F92297FD214004861FC /* Release */,
			);
			defaultConfigurationIsVisible = 0;
			defaultConfigurationName = Release;
		};
		E8A44F93297FD214004861FC /* Build configuration list for PBXNativeTarget "Restaurant" */ = {
			isa = XCConfigurationList;
			buildConfigurations = (
				E8A44F94297FD214004861FC /* Debug */,
				E8A44F95297FD214004861FC /* Release */,
			);
			defaultConfigurationIsVisible = 0;
			defaultConfigurationName = Release;
		};
/* End XCConfigurationList section */
	};
	rootObject = E8A44F77297FD212004861FC /* Project object */;
}
